// !$*UTF8*$!
{
	archiveVersion = 1;
	classes = {
	};
	objectVersion = 77;
	objects = {

/* Begin PBXContainerItemProxy section */
		01B476C62CEF206F00E17F6F /* PBXContainerItemProxy */ = {
			isa = PBXContainerItemProxy;
			containerPortal = 01B476AB2CEF206D00E17F6F /* Project object */;
			proxyType = 1;
			remoteGlobalIDString = 01B476B22CEF206D00E17F6F;
			remoteInfo = Echo;
		};
		01B476D02CEF206F00E17F6F /* PBXContainerItemProxy */ = {
			isa = PBXContainerItemProxy;
			containerPortal = 01B476AB2CEF206D00E17F6F /* Project object */;
			proxyType = 1;
			remoteGlobalIDString = 01B476B22CEF206D00E17F6F;
			remoteInfo = Echo;
		};
/* End PBXContainerItemProxy section */

/* Begin PBXFileReference section */
		01B476B32CEF206D00E17F6F /* Echo.app */ = {isa = PBXFileReference; explicitFileType = wrapper.application; includeInIndex = 0; path = Echo.app; sourceTree = BUILT_PRODUCTS_DIR; };
		01B476C52CEF206F00E17F6F /* EchoTests.xctest */ = {isa = PBXFileReference; explicitFileType = wrapper.cfbundle; includeInIndex = 0; path = EchoTests.xctest; sourceTree = BUILT_PRODUCTS_DIR; };
		01B476CF2CEF206F00E17F6F /* EchoUITests.xctest */ = {isa = PBXFileReference; explicitFileType = wrapper.cfbundle; includeInIndex = 0; path = EchoUITests.xctest; sourceTree = BUILT_PRODUCTS_DIR; };
/* End PBXFileReference section */

/* Begin PBXFileSystemSynchronizedBuildFileExceptionSet section */
		532B7BE02CFD209C00742457 /* Exceptions for "EchoTests" folder in "Echo" target */ = {
			isa = PBXFileSystemSynchronizedBuildFileExceptionSet;
			membershipExceptions = (
				EchoTests.swift,
			);
			target = 01B476B22CEF206D00E17F6F /* Echo */;
		};
		532B7BE12CFD209C00742457 /* Exceptions for "EchoTests" folder in "EchoTests" target */ = {
			isa = PBXFileSystemSynchronizedBuildFileExceptionSet;
			membershipExceptions = (
				EchoTests.swift,
			);
			target = 01B476C42CEF206F00E17F6F /* EchoTests */;
		};
		532B7BE72CFD20AB00742457 /* Exceptions for "EchoUITests" folder in "Echo" target */ = {
			isa = PBXFileSystemSynchronizedBuildFileExceptionSet;
			membershipExceptions = (
				EchoUITests.swift,
				EchoUITestsLaunchTests.swift,
			);
			target = 01B476B22CEF206D00E17F6F /* Echo */;
		};
		532B7BE82CFD20AB00742457 /* Exceptions for "EchoUITests" folder in "EchoUITests" target */ = {
			isa = PBXFileSystemSynchronizedBuildFileExceptionSet;
			membershipExceptions = (
				EchoUITests.swift,
				EchoUITestsLaunchTests.swift,
			);
			target = 01B476CE2CEF206F00E17F6F /* EchoUITests */;
		};
/* End PBXFileSystemSynchronizedBuildFileExceptionSet section */

/* Begin PBXFileSystemSynchronizedRootGroup section */
		532B7BD72CFD209700742457 /* Echo */ = {
			isa = PBXFileSystemSynchronizedRootGroup;
			path = Echo;
			sourceTree = "<group>";
		};
		532B7BDE2CFD209C00742457 /* EchoTests */ = {
			isa = PBXFileSystemSynchronizedRootGroup;
			exceptions = (
				532B7BE02CFD209C00742457 /* Exceptions for "EchoTests" folder in "Echo" target */,
				532B7BE12CFD209C00742457 /* Exceptions for "EchoTests" folder in "EchoTests" target */,
			);
			path = EchoTests;
			sourceTree = "<group>";
		};
		532B7BE42CFD20AB00742457 /* EchoUITests */ = {
			isa = PBXFileSystemSynchronizedRootGroup;
			exceptions = (
				532B7BE72CFD20AB00742457 /* Exceptions for "EchoUITests" folder in "Echo" target */,
				532B7BE82CFD20AB00742457 /* Exceptions for "EchoUITests" folder in "EchoUITests" target */,
			);
			path = EchoUITests;
			sourceTree = "<group>";
		};
/* End PBXFileSystemSynchronizedRootGroup section */

/* Begin PBXFrameworksBuildPhase section */
		01B476B02CEF206D00E17F6F /* Frameworks */ = {
			isa = PBXFrameworksBuildPhase;
			buildActionMask = 2147483647;
			files = (
			);
			runOnlyForDeploymentPostprocessing = 0;
		};
		01B476C22CEF206F00E17F6F /* Frameworks */ = {
			isa = PBXFrameworksBuildPhase;
			buildActionMask = 2147483647;
			files = (
			);
			runOnlyForDeploymentPostprocessing = 0;
		};
		01B476CC2CEF206F00E17F6F /* Frameworks */ = {
			isa = PBXFrameworksBuildPhase;
			buildActionMask = 2147483647;
			files = (
			);
			runOnlyForDeploymentPostprocessing = 0;
		};
/* End PBXFrameworksBuildPhase section */

/* Begin PBXGroup section */
		01B476AA2CEF206D00E17F6F = {
			isa = PBXGroup;
			children = (
				532B7BD72CFD209700742457 /* Echo */,
				532B7BDE2CFD209C00742457 /* EchoTests */,
				532B7BE42CFD20AB00742457 /* EchoUITests */,
				01B476B42CEF206D00E17F6F /* Products */,
			);
			sourceTree = "<group>";
		};
		01B476B42CEF206D00E17F6F /* Products */ = {
			isa = PBXGroup;
			children = (
				01B476B32CEF206D00E17F6F /* Echo.app */,
				01B476C52CEF206F00E17F6F /* EchoTests.xctest */,
				01B476CF2CEF206F00E17F6F /* EchoUITests.xctest */,
			);
			name = Products;
			sourceTree = "<group>";
		};
/* End PBXGroup section */

/* Begin PBXNativeTarget section */
		01B476B22CEF206D00E17F6F /* Echo */ = {
			isa = PBXNativeTarget;
			buildConfigurationList = 01B476D92CEF206F00E17F6F /* Build configuration list for PBXNativeTarget "Echo" */;
			buildPhases = (
				01B476AF2CEF206D00E17F6F /* Sources */,
				01B476B02CEF206D00E17F6F /* Frameworks */,
				01B476B12CEF206D00E17F6F /* Resources */,
			);
			buildRules = (
			);
			dependencies = (
			);
			fileSystemSynchronizedGroups = (
				532B7BD72CFD209700742457 /* Echo */,
				532B7BDE2CFD209C00742457 /* EchoTests */,
				532B7BE42CFD20AB00742457 /* EchoUITests */,
			);
			name = Echo;
			packageProductDependencies = (
			);
			productName = Echo;
			productReference = 01B476B32CEF206D00E17F6F /* Echo.app */;
			productType = "com.apple.product-type.application";
		};
		01B476C42CEF206F00E17F6F /* EchoTests */ = {
			isa = PBXNativeTarget;
			buildConfigurationList = 01B476DC2CEF206F00E17F6F /* Build configuration list for PBXNativeTarget "EchoTests" */;
			buildPhases = (
				01B476C12CEF206F00E17F6F /* Sources */,
				01B476C22CEF206F00E17F6F /* Frameworks */,
				01B476C32CEF206F00E17F6F /* Resources */,
			);
			buildRules = (
			);
			dependencies = (
				01B476C72CEF206F00E17F6F /* PBXTargetDependency */,
			);
			name = EchoTests;
			packageProductDependencies = (
			);
			productName = EchoTests;
			productReference = 01B476C52CEF206F00E17F6F /* EchoTests.xctest */;
			productType = "com.apple.product-type.bundle.unit-test";
		};
		01B476CE2CEF206F00E17F6F /* EchoUITests */ = {
			isa = PBXNativeTarget;
			buildConfigurationList = 01B476DF2CEF206F00E17F6F /* Build configuration list for PBXNativeTarget "EchoUITests" */;
			buildPhases = (
				01B476CB2CEF206F00E17F6F /* Sources */,
				01B476CC2CEF206F00E17F6F /* Frameworks */,
				01B476CD2CEF206F00E17F6F /* Resources */,
			);
			buildRules = (
			);
			dependencies = (
				01B476D12CEF206F00E17F6F /* PBXTargetDependency */,
			);
			name = EchoUITests;
			packageProductDependencies = (
			);
			productName = EchoUITests;
			productReference = 01B476CF2CEF206F00E17F6F /* EchoUITests.xctest */;
			productType = "com.apple.product-type.bundle.ui-testing";
		};
/* End PBXNativeTarget section */

/* Begin PBXProject section */
		01B476AB2CEF206D00E17F6F /* Project object */ = {
			isa = PBXProject;
			attributes = {
				BuildIndependentTargetsInParallel = 1;
				LastSwiftUpdateCheck = 1600;
				LastUpgradeCheck = 1600;
				TargetAttributes = {
					01B476B22CEF206D00E17F6F = {
						CreatedOnToolsVersion = 16.0;
					};
					01B476C42CEF206F00E17F6F = {
						CreatedOnToolsVersion = 16.0;
						TestTargetID = 01B476B22CEF206D00E17F6F;
					};
					01B476CE2CEF206F00E17F6F = {
						CreatedOnToolsVersion = 16.0;
						TestTargetID = 01B476B22CEF206D00E17F6F;
					};
				};
			};
			buildConfigurationList = 01B476AE2CEF206D00E17F6F /* Build configuration list for PBXProject "Echo" */;
			developmentRegion = en;
			hasScannedForEncodings = 0;
			knownRegions = (
				en,
				Base,
			);
			mainGroup = 01B476AA2CEF206D00E17F6F;
			minimizedProjectReferenceProxies = 1;
			preferredProjectObjectVersion = 77;
			productRefGroup = 01B476B42CEF206D00E17F6F /* Products */;
			projectDirPath = "";
			projectRoot = "";
			targets = (
				01B476B22CEF206D00E17F6F /* Echo */,
				01B476C42CEF206F00E17F6F /* EchoTests */,
				01B476CE2CEF206F00E17F6F /* EchoUITests */,
			);
		};
/* End PBXProject section */

/* Begin PBXResourcesBuildPhase section */
		01B476B12CEF206D00E17F6F /* Resources */ = {
			isa = PBXResourcesBuildPhase;
			buildActionMask = 2147483647;
			files = (
			);
			runOnlyForDeploymentPostprocessing = 0;
		};
		01B476C32CEF206F00E17F6F /* Resources */ = {
			isa = PBXResourcesBuildPhase;
			buildActionMask = 2147483647;
			files = (
			);
			runOnlyForDeploymentPostprocessing = 0;
		};
		01B476CD2CEF206F00E17F6F /* Resources */ = {
			isa = PBXResourcesBuildPhase;
			buildActionMask = 2147483647;
			files = (
			);
			runOnlyForDeploymentPostprocessing = 0;
		};
/* End PBXResourcesBuildPhase section */

/* Begin PBXSourcesBuildPhase section */
		01B476AF2CEF206D00E17F6F /* Sources */ = {
			isa = PBXSourcesBuildPhase;
			buildActionMask = 2147483647;
			files = (
			);
			runOnlyForDeploymentPostprocessing = 0;
		};
		01B476C12CEF206F00E17F6F /* Sources */ = {
			isa = PBXSourcesBuildPhase;
			buildActionMask = 2147483647;
			files = (
			);
			runOnlyForDeploymentPostprocessing = 0;
		};
		01B476CB2CEF206F00E17F6F /* Sources */ = {
			isa = PBXSourcesBuildPhase;
			buildActionMask = 2147483647;
			files = (
			);
			runOnlyForDeploymentPostprocessing = 0;
		};
/* End PBXSourcesBuildPhase section */

/* Begin PBXTargetDependency section */
		01B476C72CEF206F00E17F6F /* PBXTargetDependency */ = {
			isa = PBXTargetDependency;
			target = 01B476B22CEF206D00E17F6F /* Echo */;
			targetProxy = 01B476C62CEF206F00E17F6F /* PBXContainerItemProxy */;
		};
		01B476D12CEF206F00E17F6F /* PBXTargetDependency */ = {
			isa = PBXTargetDependency;
			target = 01B476B22CEF206D00E17F6F /* Echo */;
			targetProxy = 01B476D02CEF206F00E17F6F /* PBXContainerItemProxy */;
		};
/* End PBXTargetDependency section */

/* Begin XCBuildConfiguration section */
		01B476D72CEF206F00E17F6F /* Debug */ = {
			isa = XCBuildConfiguration;
			buildSettings = {
				ALWAYS_SEARCH_USER_PATHS = NO;
				ASSETCATALOG_COMPILER_GENERATE_SWIFT_ASSET_SYMBOL_EXTENSIONS = YES;
				CLANG_ANALYZER_NONNULL = YES;
				CLANG_ANALYZER_NUMBER_OBJECT_CONVERSION = YES_AGGRESSIVE;
				CLANG_CXX_LANGUAGE_STANDARD = "gnu++20";
				CLANG_ENABLE_MODULES = YES;
				CLANG_ENABLE_OBJC_ARC = YES;
				CLANG_ENABLE_OBJC_WEAK = YES;
				CLANG_WARN_BLOCK_CAPTURE_AUTORELEASING = YES;
				CLANG_WARN_BOOL_CONVERSION = YES;
				CLANG_WARN_COMMA = YES;
				CLANG_WARN_CONSTANT_CONVERSION = YES;
				CLANG_WARN_DEPRECATED_OBJC_IMPLEMENTATIONS = YES;
				CLANG_WARN_DIRECT_OBJC_ISA_USAGE = YES_ERROR;
				CLANG_WARN_DOCUMENTATION_COMMENTS = YES;
				CLANG_WARN_EMPTY_BODY = YES;
				CLANG_WARN_ENUM_CONVERSION = YES;
				CLANG_WARN_INFINITE_RECURSION = YES;
				CLANG_WARN_INT_CONVERSION = YES;
				CLANG_WARN_NON_LITERAL_NULL_CONVERSION = YES;
				CLANG_WARN_OBJC_IMPLICIT_RETAIN_SELF = YES;
				CLANG_WARN_OBJC_LITERAL_CONVERSION = YES;
				CLANG_WARN_OBJC_ROOT_CLASS = YES_ERROR;
				CLANG_WARN_QUOTED_INCLUDE_IN_FRAMEWORK_HEADER = YES;
				CLANG_WARN_RANGE_LOOP_ANALYSIS = YES;
				CLANG_WARN_STRICT_PROTOTYPES = YES;
				CLANG_WARN_SUSPICIOUS_MOVE = YES;
				CLANG_WARN_UNGUARDED_AVAILABILITY = YES_AGGRESSIVE;
				CLANG_WARN_UNREACHABLE_CODE = YES;
				CLANG_WARN__DUPLICATE_METHOD_MATCH = YES;
				COPY_PHASE_STRIP = NO;
				DEBUG_INFORMATION_FORMAT = dwarf;
				ENABLE_STRICT_OBJC_MSGSEND = YES;
				ENABLE_TESTABILITY = YES;
				ENABLE_USER_SCRIPT_SANDBOXING = YES;
				GCC_C_LANGUAGE_STANDARD = gnu17;
				GCC_DYNAMIC_NO_PIC = NO;
				GCC_NO_COMMON_BLOCKS = YES;
				GCC_OPTIMIZATION_LEVEL = 0;
				GCC_PREPROCESSOR_DEFINITIONS = (
					"DEBUG=1",
					"$(inherited)",
				);
				GCC_WARN_64_TO_32_BIT_CONVERSION = YES;
				GCC_WARN_ABOUT_RETURN_TYPE = YES_ERROR;
				GCC_WARN_UNDECLARED_SELECTOR = YES;
				GCC_WARN_UNINITIALIZED_AUTOS = YES_AGGRESSIVE;
				GCC_WARN_UNUSED_FUNCTION = YES;
				GCC_WARN_UNUSED_VARIABLE = YES;
				IPHONEOS_DEPLOYMENT_TARGET = 18.0;
				LOCALIZATION_PREFERS_STRING_CATALOGS = YES;
				MTL_ENABLE_DEBUG_INFO = INCLUDE_SOURCE;
				MTL_FAST_MATH = YES;
				ONLY_ACTIVE_ARCH = YES;
				SDKROOT = iphoneos;
				SWIFT_ACTIVE_COMPILATION_CONDITIONS = "DEBUG $(inherited)";
				SWIFT_OPTIMIZATION_LEVEL = "-Onone";
			};
			name = Debug;
		};
		01B476D82CEF206F00E17F6F /* Release */ = {
			isa = XCBuildConfiguration;
			buildSettings = {
				ALWAYS_SEARCH_USER_PATHS = NO;
				ASSETCATALOG_COMPILER_GENERATE_SWIFT_ASSET_SYMBOL_EXTENSIONS = YES;
				CLANG_ANALYZER_NONNULL = YES;
				CLANG_ANALYZER_NUMBER_OBJECT_CONVERSION = YES_AGGRESSIVE;
				CLANG_CXX_LANGUAGE_STANDARD = "gnu++20";
				CLANG_ENABLE_MODULES = YES;
				CLANG_ENABLE_OBJC_ARC = YES;
				CLANG_ENABLE_OBJC_WEAK = YES;
				CLANG_WARN_BLOCK_CAPTURE_AUTORELEASING = YES;
				CLANG_WARN_BOOL_CONVERSION = YES;
				CLANG_WARN_COMMA = YES;
				CLANG_WARN_CONSTANT_CONVERSION = YES;
				CLANG_WARN_DEPRECATED_OBJC_IMPLEMENTATIONS = YES;
				CLANG_WARN_DIRECT_OBJC_ISA_USAGE = YES_ERROR;
				CLANG_WARN_DOCUMENTATION_COMMENTS = YES;
				CLANG_WARN_EMPTY_BODY = YES;
				CLANG_WARN_ENUM_CONVERSION = YES;
				CLANG_WARN_INFINITE_RECURSION = YES;
				CLANG_WARN_INT_CONVERSION = YES;
				CLANG_WARN_NON_LITERAL_NULL_CONVERSION = YES;
				CLANG_WARN_OBJC_IMPLICIT_RETAIN_SELF = YES;
				CLANG_WARN_OBJC_LITERAL_CONVERSION = YES;
				CLANG_WARN_OBJC_ROOT_CLASS = YES_ERROR;
				CLANG_WARN_QUOTED_INCLUDE_IN_FRAMEWORK_HEADER = YES;
				CLANG_WARN_RANGE_LOOP_ANALYSIS = YES;
				CLANG_WARN_STRICT_PROTOTYPES = YES;
				CLANG_WARN_SUSPICIOUS_MOVE = YES;
				CLANG_WARN_UNGUARDED_AVAILABILITY = YES_AGGRESSIVE;
				CLANG_WARN_UNREACHABLE_CODE = YES;
				CLANG_WARN__DUPLICATE_METHOD_MATCH = YES;
				COPY_PHASE_STRIP = NO;
				DEBUG_INFORMATION_FORMAT = "dwarf-with-dsym";
				ENABLE_NS_ASSERTIONS = NO;
				ENABLE_STRICT_OBJC_MSGSEND = YES;
				ENABLE_USER_SCRIPT_SANDBOXING = YES;
				GCC_C_LANGUAGE_STANDARD = gnu17;
				GCC_NO_COMMON_BLOCKS = YES;
				GCC_WARN_64_TO_32_BIT_CONVERSION = YES;
				GCC_WARN_ABOUT_RETURN_TYPE = YES_ERROR;
				GCC_WARN_UNDECLARED_SELECTOR = YES;
				GCC_WARN_UNINITIALIZED_AUTOS = YES_AGGRESSIVE;
				GCC_WARN_UNUSED_FUNCTION = YES;
				GCC_WARN_UNUSED_VARIABLE = YES;
				IPHONEOS_DEPLOYMENT_TARGET = 18.0;
				LOCALIZATION_PREFERS_STRING_CATALOGS = YES;
				MTL_ENABLE_DEBUG_INFO = NO;
				MTL_FAST_MATH = YES;
				SDKROOT = iphoneos;
				SWIFT_COMPILATION_MODE = wholemodule;
				VALIDATE_PRODUCT = YES;
			};
			name = Release;
		};
		01B476DA2CEF206F00E17F6F /* Debug */ = {
			isa = XCBuildConfiguration;
			buildSettings = {
				ASSETCATALOG_COMPILER_APPICON_NAME = AppIcon;
				ASSETCATALOG_COMPILER_GLOBAL_ACCENT_COLOR_NAME = AccentColor;
				CODE_SIGN_STYLE = Automatic;
				CURRENT_PROJECT_VERSION = 1;
				DEVELOPMENT_ASSET_PATHS = "\"Echo/Preview Content\"";
				ENABLE_PREVIEWS = YES;
				GENERATE_INFOPLIST_FILE = YES;
				INFOPLIST_KEY_UIApplicationSceneManifest_Generation = YES;
				INFOPLIST_KEY_UIApplicationSupportsIndirectInputEvents = YES;
				INFOPLIST_KEY_UILaunchScreen_Generation = YES;
				INFOPLIST_KEY_UISupportedInterfaceOrientations_iPad = "UIInterfaceOrientationPortrait UIInterfaceOrientationPortraitUpsideDown UIInterfaceOrientationLandscapeLeft UIInterfaceOrientationLandscapeRight";
				INFOPLIST_KEY_UISupportedInterfaceOrientations_iPhone = "UIInterfaceOrientationPortrait UIInterfaceOrientationLandscapeLeft UIInterfaceOrientationLandscapeRight";
				LD_RUNPATH_SEARCH_PATHS = (
					"$(inherited)",
					"@executable_path/Frameworks",
				);
				MARKETING_VERSION = 1.0;
				PRODUCT_BUNDLE_IDENTIFIER = Echo.Echo;
				PRODUCT_NAME = "$(TARGET_NAME)";
				SWIFT_EMIT_LOC_STRINGS = YES;
				SWIFT_VERSION = 5.0;
				TARGETED_DEVICE_FAMILY = "1,2";
			};
			name = Debug;
		};
		01B476DB2CEF206F00E17F6F /* Release */ = {
			isa = XCBuildConfiguration;
			buildSettings = {
				ASSETCATALOG_COMPILER_APPICON_NAME = AppIcon;
				ASSETCATALOG_COMPILER_GLOBAL_ACCENT_COLOR_NAME = AccentColor;
				CODE_SIGN_STYLE = Automatic;
				CURRENT_PROJECT_VERSION = 1;
				DEVELOPMENT_ASSET_PATHS = "\"Echo/Preview Content\"";
				ENABLE_PREVIEWS = YES;
				GENERATE_INFOPLIST_FILE = YES;
				INFOPLIST_KEY_UIApplicationSceneManifest_Generation = YES;
				INFOPLIST_KEY_UIApplicationSupportsIndirectInputEvents = YES;
				INFOPLIST_KEY_UILaunchScreen_Generation = YES;
				INFOPLIST_KEY_UISupportedInterfaceOrientations_iPad = "UIInterfaceOrientationPortrait UIInterfaceOrientationPortraitUpsideDown UIInterfaceOrientationLandscapeLeft UIInterfaceOrientationLandscapeRight";
				INFOPLIST_KEY_UISupportedInterfaceOrientations_iPhone = "UIInterfaceOrientationPortrait UIInterfaceOrientationLandscapeLeft UIInterfaceOrientationLandscapeRight";
				LD_RUNPATH_SEARCH_PATHS = (
					"$(inherited)",
					"@executable_path/Frameworks",
				);
				MARKETING_VERSION = 1.0;
				PRODUCT_BUNDLE_IDENTIFIER = Echo.Echo;
				PRODUCT_NAME = "$(TARGET_NAME)";
				SWIFT_EMIT_LOC_STRINGS = YES;
				SWIFT_VERSION = 5.0;
				TARGETED_DEVICE_FAMILY = "1,2";
			};
			name = Release;
		};
		01B476DD2CEF206F00E17F6F /* Debug */ = {
			isa = XCBuildConfiguration;
			buildSettings = {
				BUNDLE_LOADER = "$(TEST_HOST)";
				CODE_SIGN_STYLE = Automatic;
				CURRENT_PROJECT_VERSION = 1;
				GENERATE_INFOPLIST_FILE = YES;
				IPHONEOS_DEPLOYMENT_TARGET = 18.0;
				MARKETING_VERSION = 1.0;
				PRODUCT_BUNDLE_IDENTIFIER = Echo.EchoTests;
				PRODUCT_NAME = "$(TARGET_NAME)";
				SWIFT_EMIT_LOC_STRINGS = NO;
				SWIFT_VERSION = 5.0;
				TARGETED_DEVICE_FAMILY = "1,2";
				TEST_HOST = "$(BUILT_PRODUCTS_DIR)/Echo.app/$(BUNDLE_EXECUTABLE_FOLDER_PATH)/Echo";
			};
			name = Debug;
		};
		01B476DE2CEF206F00E17F6F /* Release */ = {
			isa = XCBuildConfiguration;
			buildSettings = {
				BUNDLE_LOADER = "$(TEST_HOST)";
				CODE_SIGN_STYLE = Automatic;
				CURRENT_PROJECT_VERSION = 1;
				GENERATE_INFOPLIST_FILE = YES;
				IPHONEOS_DEPLOYMENT_TARGET = 18.0;
				MARKETING_VERSION = 1.0;
				PRODUCT_BUNDLE_IDENTIFIER = Echo.EchoTests;
				PRODUCT_NAME = "$(TARGET_NAME)";
				SWIFT_EMIT_LOC_STRINGS = NO;
				SWIFT_VERSION = 5.0;
				TARGETED_DEVICE_FAMILY = "1,2";
				TEST_HOST = "$(BUILT_PRODUCTS_DIR)/Echo.app/$(BUNDLE_EXECUTABLE_FOLDER_PATH)/Echo";
			};
			name = Release;
		};
		01B476E02CEF206F00E17F6F /* Debug */ = {
			isa = XCBuildConfiguration;
			buildSettings = {
				CODE_SIGN_STYLE = Automatic;
				CURRENT_PROJECT_VERSION = 1;
				GENERATE_INFOPLIST_FILE = YES;
				MARKETING_VERSION = 1.0;
				PRODUCT_BUNDLE_IDENTIFIER = Echo.EchoUITests;
				PRODUCT_NAME = "$(TARGET_NAME)";
				SWIFT_EMIT_LOC_STRINGS = NO;
				SWIFT_VERSION = 5.0;
				TARGETED_DEVICE_FAMILY = "1,2";
				TEST_TARGET_NAME = Echo;
			};
			name = Debug;
		};
		01B476E12CEF206F00E17F6F /* Release */ = {
			isa = XCBuildConfiguration;
			buildSettings = {
				CODE_SIGN_STYLE = Automatic;
				CURRENT_PROJECT_VERSION = 1;
				GENERATE_INFOPLIST_FILE = YES;
				MARKETING_VERSION = 1.0;
				PRODUCT_BUNDLE_IDENTIFIER = Echo.EchoUITests;
				PRODUCT_NAME = "$(TARGET_NAME)";
				SWIFT_EMIT_LOC_STRINGS = NO;
				SWIFT_VERSION = 5.0;
				TARGETED_DEVICE_FAMILY = "1,2";
				TEST_TARGET_NAME = Echo;
			};
			name = Release;
		};
/* End XCBuildConfiguration section */

/* Begin XCConfigurationList section */
		01B476AE2CEF206D00E17F6F /* Build configuration list for PBXProject "Echo" */ = {
			isa = XCConfigurationList;
			buildConfigurations = (
				01B476D72CEF206F00E17F6F /* Debug */,
				01B476D82CEF206F00E17F6F /* Release */,
			);
			defaultConfigurationIsVisible = 0;
			defaultConfigurationName = Release;
		};
		01B476D92CEF206F00E17F6F /* Build configuration list for PBXNativeTarget "Echo" */ = {
			isa = XCConfigurationList;
			buildConfigurations = (
				01B476DA2CEF206F00E17F6F /* Debug */,
				01B476DB2CEF206F00E17F6F /* Release */,
			);
			defaultConfigurationIsVisible = 0;
			defaultConfigurationName = Release;
		};
		01B476DC2CEF206F00E17F6F /* Build configuration list for PBXNativeTarget "EchoTests" */ = {
			isa = XCConfigurationList;
			buildConfigurations = (
				01B476DD2CEF206F00E17F6F /* Debug */,
				01B476DE2CEF206F00E17F6F /* Release */,
			);
			defaultConfigurationIsVisible = 0;
			defaultConfigurationName = Release;
		};
		01B476DF2CEF206F00E17F6F /* Build configuration list for PBXNativeTarget "EchoUITests" */ = {
			isa = XCConfigurationList;
			buildConfigurations = (
				01B476E02CEF206F00E17F6F /* Debug */,
				01B476E12CEF206F00E17F6F /* Release */,
			);
			defaultConfigurationIsVisible = 0;
			defaultConfigurationName = Release;
		};
/* End XCConfigurationList section */
	};
	rootObject = 01B476AB2CEF206D00E17F6F /* Project object */;
}
